// !$*UTF8*$!
{
	archiveVersion = 1;
	classes = {
	};
	objectVersion = 50;
	objects = {

/* Begin PBXBuildFile section */
		6B1DA5162B4EA1F30037B31F /* AppDelegate.swift in Sources */ = {isa = PBXBuildFile; fileRef = 6B1DA5152B4EA1F30037B31F /* AppDelegate.swift */; };
		6B1DA5182B4EA1F30037B31F /* SceneDelegate.swift in Sources */ = {isa = PBXBuildFile; fileRef = 6B1DA5172B4EA1F30037B31F /* SceneDelegate.swift */; };
		6B1DA51A2B4EA1F30037B31F /* BowlingView.swift in Sources */ = {isa = PBXBuildFile; fileRef = 6B1DA5192B4EA1F30037B31F /* BowlingView.swift */; };
		6B1DA51C2B4EA1F80037B31F /* Assets.xcassets in Resources */ = {isa = PBXBuildFile; fileRef = 6B1DA51B2B4EA1F80037B31F /* Assets.xcassets */; };
		6B1DA51F2B4EA1F80037B31F /* Preview Assets.xcassets in Resources */ = {isa = PBXBuildFile; fileRef = 6B1DA51E2B4EA1F80037B31F /* Preview Assets.xcassets */; };
		6B1DA5222B4EA1F80037B31F /* LaunchScreen.storyboard in Resources */ = {isa = PBXBuildFile; fileRef = 6B1DA5202B4EA1F80037B31F /* LaunchScreen.storyboard */; };
		6B1DA5382B4EA22B0037B31F /* BowlingModelTest.swift in Sources */ = {isa = PBXBuildFile; fileRef = 6B1DA5372B4EA22B0037B31F /* BowlingModelTest.swift */; };
		6B1DA53B2B4EA3310037B31F /* BowlingModel.swift in Sources */ = {isa = PBXBuildFile; fileRef = 6B1DA53A2B4EA3310037B31F /* BowlingModel.swift */; };
		6B1DA53C2B4EA36C0037B31F /* BowlingModel.swift in Sources */ = {isa = PBXBuildFile; fileRef = 6B1DA53A2B4EA3310037B31F /* BowlingModel.swift */; };
		6B1DA53F2B4EAA1F0037B31F /* BowlingViewModelTest.swift in Sources */ = {isa = PBXBuildFile; fileRef = 6B1DA53E2B4EAA1F0037B31F /* BowlingViewModelTest.swift */; };
		6B1DA5412B4EAA430037B31F /* BowlingViewModel.swift in Sources */ = {isa = PBXBuildFile; fileRef = 6B1DA5402B4EAA430037B31F /* BowlingViewModel.swift */; };
/* End PBXBuildFile section */

/* Begin PBXContainerItemProxy section */
		6B1DA5292B4EA1F80037B31F /* PBXContainerItemProxy */ = {
			isa = PBXContainerItemProxy;
			containerPortal = 6B1DA50A2B4EA1F30037B31F /* Project object */;
			proxyType = 1;
			remoteGlobalIDString = 6B1DA5112B4EA1F30037B31F;
			remoteInfo = "TDD-BowlingKata";
		};
/* End PBXContainerItemProxy section */

/* Begin PBXFileReference section */
		6B1DA5122B4EA1F30037B31F /* TDD-BowlingKata.app */ = {isa = PBXFileReference; explicitFileType = wrapper.application; includeInIndex = 0; path = "TDD-BowlingKata.app"; sourceTree = BUILT_PRODUCTS_DIR; };
		6B1DA5152B4EA1F30037B31F /* AppDelegate.swift */ = {isa = PBXFileReference; lastKnownFileType = sourcecode.swift; path = AppDelegate.swift; sourceTree = "<group>"; };
		6B1DA5172B4EA1F30037B31F /* SceneDelegate.swift */ = {isa = PBXFileReference; lastKnownFileType = sourcecode.swift; path = SceneDelegate.swift; sourceTree = "<group>"; };
		6B1DA5192B4EA1F30037B31F /* BowlingView.swift */ = {isa = PBXFileReference; lastKnownFileType = sourcecode.swift; path = BowlingView.swift; sourceTree = "<group>"; };
		6B1DA51B2B4EA1F80037B31F /* Assets.xcassets */ = {isa = PBXFileReference; lastKnownFileType = folder.assetcatalog; path = Assets.xcassets; sourceTree = "<group>"; };
		6B1DA51E2B4EA1F80037B31F /* Preview Assets.xcassets */ = {isa = PBXFileReference; lastKnownFileType = folder.assetcatalog; path = "Preview Assets.xcassets"; sourceTree = "<group>"; };
		6B1DA5212B4EA1F80037B31F /* Base */ = {isa = PBXFileReference; lastKnownFileType = file.storyboard; name = Base; path = Base.lproj/LaunchScreen.storyboard; sourceTree = "<group>"; };
		6B1DA5232B4EA1F80037B31F /* Info.plist */ = {isa = PBXFileReference; lastKnownFileType = text.plist.xml; path = Info.plist; sourceTree = "<group>"; };
		6B1DA5282B4EA1F80037B31F /* TDD-BowlingKataTests.xctest */ = {isa = PBXFileReference; explicitFileType = wrapper.cfbundle; includeInIndex = 0; path = "TDD-BowlingKataTests.xctest"; sourceTree = BUILT_PRODUCTS_DIR; };
		6B1DA52E2B4EA1F80037B31F /* Info.plist */ = {isa = PBXFileReference; lastKnownFileType = text.plist.xml; path = Info.plist; sourceTree = "<group>"; };
		6B1DA5372B4EA22B0037B31F /* BowlingModelTest.swift */ = {isa = PBXFileReference; lastKnownFileType = sourcecode.swift; path = BowlingModelTest.swift; sourceTree = "<group>"; };
		6B1DA53A2B4EA3310037B31F /* BowlingModel.swift */ = {isa = PBXFileReference; lastKnownFileType = sourcecode.swift; path = BowlingModel.swift; sourceTree = "<group>"; };
		6B1DA53E2B4EAA1F0037B31F /* BowlingViewModelTest.swift */ = {isa = PBXFileReference; lastKnownFileType = sourcecode.swift; path = BowlingViewModelTest.swift; sourceTree = "<group>"; };
		6B1DA5402B4EAA430037B31F /* BowlingViewModel.swift */ = {isa = PBXFileReference; lastKnownFileType = sourcecode.swift; path = BowlingViewModel.swift; sourceTree = "<group>"; };
/* End PBXFileReference section */

/* Begin PBXFrameworksBuildPhase section */
		6B1DA50F2B4EA1F30037B31F /* Frameworks */ = {
			isa = PBXFrameworksBuildPhase;
			buildActionMask = 2147483647;
			files = (
			);
			runOnlyForDeploymentPostprocessing = 0;
		};
		6B1DA5252B4EA1F80037B31F /* Frameworks */ = {
			isa = PBXFrameworksBuildPhase;
			buildActionMask = 2147483647;
			files = (
			);
			runOnlyForDeploymentPostprocessing = 0;
		};
/* End PBXFrameworksBuildPhase section */

/* Begin PBXGroup section */
		6B1DA5092B4EA1F30037B31F = {
			isa = PBXGroup;
			children = (
				6B1DA5142B4EA1F30037B31F /* TDD-BowlingKata */,
				6B1DA52B2B4EA1F80037B31F /* TDD-BowlingKataTests */,
				6B1DA5132B4EA1F30037B31F /* Products */,
			);
			sourceTree = "<group>";
		};
		6B1DA5132B4EA1F30037B31F /* Products */ = {
			isa = PBXGroup;
			children = (
				6B1DA5122B4EA1F30037B31F /* TDD-BowlingKata.app */,
				6B1DA5282B4EA1F80037B31F /* TDD-BowlingKataTests.xctest */,
			);
			name = Products;
			sourceTree = "<group>";
		};
		6B1DA5142B4EA1F30037B31F /* TDD-BowlingKata */ = {
			isa = PBXGroup;
			children = (
				6B1DA53D2B4EA9FC0037B31F /* VIewModel */,
				6B1DA5392B4EA3270037B31F /* Model */,
				6B1DA5152B4EA1F30037B31F /* AppDelegate.swift */,
				6B1DA5172B4EA1F30037B31F /* SceneDelegate.swift */,
				6B1DA5192B4EA1F30037B31F /* BowlingView.swift */,
				6B1DA51B2B4EA1F80037B31F /* Assets.xcassets */,
				6B1DA5202B4EA1F80037B31F /* LaunchScreen.storyboard */,
				6B1DA5232B4EA1F80037B31F /* Info.plist */,
				6B1DA51D2B4EA1F80037B31F /* Preview Content */,
			);
			path = "TDD-BowlingKata";
			sourceTree = "<group>";
		};
		6B1DA51D2B4EA1F80037B31F /* Preview Content */ = {
			isa = PBXGroup;
			children = (
				6B1DA51E2B4EA1F80037B31F /* Preview Assets.xcassets */,
			);
			path = "Preview Content";
			sourceTree = "<group>";
		};
		6B1DA52B2B4EA1F80037B31F /* TDD-BowlingKataTests */ = {
			isa = PBXGroup;
			children = (
				6B1DA52E2B4EA1F80037B31F /* Info.plist */,
				6B1DA5372B4EA22B0037B31F /* BowlingModelTest.swift */,
				6B1DA53E2B4EAA1F0037B31F /* BowlingViewModelTest.swift */,
			);
			path = "TDD-BowlingKataTests";
			sourceTree = "<group>";
		};
		6B1DA5392B4EA3270037B31F /* Model */ = {
			isa = PBXGroup;
			children = (
				6B1DA53A2B4EA3310037B31F /* BowlingModel.swift */,
			);
			path = Model;
			sourceTree = "<group>";
		};
		6B1DA53D2B4EA9FC0037B31F /* VIewModel */ = {
			isa = PBXGroup;
			children = (
				6B1DA5402B4EAA430037B31F /* BowlingViewModel.swift */,
			);
			path = VIewModel;
			sourceTree = "<group>";
		};
/* End PBXGroup section */

/* Begin PBXNativeTarget section */
		6B1DA5112B4EA1F30037B31F /* TDD-BowlingKata */ = {
			isa = PBXNativeTarget;
			buildConfigurationList = 6B1DA5312B4EA1F80037B31F /* Build configuration list for PBXNativeTarget "TDD-BowlingKata" */;
			buildPhases = (
				6B1DA50E2B4EA1F30037B31F /* Sources */,
				6B1DA50F2B4EA1F30037B31F /* Frameworks */,
				6B1DA5102B4EA1F30037B31F /* Resources */,
			);
			buildRules = (
			);
			dependencies = (
			);
			name = "TDD-BowlingKata";
			productName = "TDD-BowlingKata";
			productReference = 6B1DA5122B4EA1F30037B31F /* TDD-BowlingKata.app */;
			productType = "com.apple.product-type.application";
		};
		6B1DA5272B4EA1F80037B31F /* TDD-BowlingKataTests */ = {
			isa = PBXNativeTarget;
			buildConfigurationList = 6B1DA5342B4EA1F80037B31F /* Build configuration list for PBXNativeTarget "TDD-BowlingKataTests" */;
			buildPhases = (
				6B1DA5242B4EA1F80037B31F /* Sources */,
				6B1DA5252B4EA1F80037B31F /* Frameworks */,
				6B1DA5262B4EA1F80037B31F /* Resources */,
			);
			buildRules = (
			);
			dependencies = (
				6B1DA52A2B4EA1F80037B31F /* PBXTargetDependency */,
			);
			name = "TDD-BowlingKataTests";
			productName = "TDD-BowlingKataTests";
			productReference = 6B1DA5282B4EA1F80037B31F /* TDD-BowlingKataTests.xctest */;
			productType = "com.apple.product-type.bundle.unit-test";
		};
/* End PBXNativeTarget section */

/* Begin PBXProject section */
		6B1DA50A2B4EA1F30037B31F /* Project object */ = {
			isa = PBXProject;
			attributes = {
				LastSwiftUpdateCheck = 1150;
				LastUpgradeCheck = 1150;
				ORGANIZATIONNAME = test;
				TargetAttributes = {
					6B1DA5112B4EA1F30037B31F = {
						CreatedOnToolsVersion = 11.5;
					};
					6B1DA5272B4EA1F80037B31F = {
						CreatedOnToolsVersion = 11.5;
						TestTargetID = 6B1DA5112B4EA1F30037B31F;
					};
				};
			};
			buildConfigurationList = 6B1DA50D2B4EA1F30037B31F /* Build configuration list for PBXProject "TDD-BowlingKata" */;
			compatibilityVersion = "Xcode 9.3";
			developmentRegion = en;
			hasScannedForEncodings = 0;
			knownRegions = (
				en,
				Base,
			);
			mainGroup = 6B1DA5092B4EA1F30037B31F;
			productRefGroup = 6B1DA5132B4EA1F30037B31F /* Products */;
			projectDirPath = "";
			projectRoot = "";
			targets = (
				6B1DA5112B4EA1F30037B31F /* TDD-BowlingKata */,
				6B1DA5272B4EA1F80037B31F /* TDD-BowlingKataTests */,
			);
		};
/* End PBXProject section */

/* Begin PBXResourcesBuildPhase section */
		6B1DA5102B4EA1F30037B31F /* Resources */ = {
			isa = PBXResourcesBuildPhase;
			buildActionMask = 2147483647;
			files = (
				6B1DA5222B4EA1F80037B31F /* LaunchScreen.storyboard in Resources */,
				6B1DA51F2B4EA1F80037B31F /* Preview Assets.xcassets in Resources */,
				6B1DA51C2B4EA1F80037B31F /* Assets.xcassets in Resources */,
			);
			runOnlyForDeploymentPostprocessing = 0;
		};
		6B1DA5262B4EA1F80037B31F /* Resources */ = {
			isa = PBXResourcesBuildPhase;
			buildActionMask = 2147483647;
			files = (
			);
			runOnlyForDeploymentPostprocessing = 0;
		};
/* End PBXResourcesBuildPhase section */

/* Begin PBXSourcesBuildPhase section */
		6B1DA50E2B4EA1F30037B31F /* Sources */ = {
			isa = PBXSourcesBuildPhase;
			buildActionMask = 2147483647;
			files = (
				6B1DA53B2B4EA3310037B31F /* BowlingModel.swift in Sources */,
				6B1DA5162B4EA1F30037B31F /* AppDelegate.swift in Sources */,
				6B1DA5412B4EAA430037B31F /* BowlingViewModel.swift in Sources */,
				6B1DA5182B4EA1F30037B31F /* SceneDelegate.swift in Sources */,
				6B1DA51A2B4EA1F30037B31F /* BowlingView.swift in Sources */,
			);
			runOnlyForDeploymentPostprocessing = 0;
		};
		6B1DA5242B4EA1F80037B31F /* Sources */ = {
			isa = PBXSourcesBuildPhase;
			buildActionMask = 2147483647;
			files = (
				6B1DA53F2B4EAA1F0037B31F /* BowlingViewModelTest.swift in Sources */,
				6B1DA53C2B4EA36C0037B31F /* BowlingModel.swift in Sources */,
				6B1DA5382B4EA22B0037B31F /* BowlingModelTest.swift in Sources */,
			);
			runOnlyForDeploymentPostprocessing = 0;
		};
/* End PBXSourcesBuildPhase section */

/* Begin PBXTargetDependency section */
		6B1DA52A2B4EA1F80037B31F /* PBXTargetDependency */ = {
			isa = PBXTargetDependency;
			target = 6B1DA5112B4EA1F30037B31F /* TDD-BowlingKata */;
			targetProxy = 6B1DA5292B4EA1F80037B31F /* PBXContainerItemProxy */;
		};
/* End PBXTargetDependency section */

/* Begin PBXVariantGroup section */
		6B1DA5202B4EA1F80037B31F /* LaunchScreen.storyboard */ = {
			isa = PBXVariantGroup;
			children = (
				6B1DA5212B4EA1F80037B31F /* Base */,
			);
			name = LaunchScreen.storyboard;
			sourceTree = "<group>";
		};
/* End PBXVariantGroup section */

/* Begin XCBuildConfiguration section */
		6B1DA52F2B4EA1F80037B31F /* Debug */ = {
			isa = XCBuildConfiguration;
			buildSettings = {
				ALWAYS_SEARCH_USER_PATHS = NO;
				CLANG_ANALYZER_NONNULL = YES;
				CLANG_ANALYZER_NUMBER_OBJECT_CONVERSION = YES_AGGRESSIVE;
				CLANG_CXX_LANGUAGE_STANDARD = "gnu++14";
				CLANG_CXX_LIBRARY = "libc++";
				CLANG_ENABLE_MODULES = YES;
				CLANG_ENABLE_OBJC_ARC = YES;
				CLANG_ENABLE_OBJC_WEAK = YES;
				CLANG_WARN_BLOCK_CAPTURE_AUTORELEASING = YES;
				CLANG_WARN_BOOL_CONVERSION = YES;
				CLANG_WARN_COMMA = YES;
				CLANG_WARN_CONSTANT_CONVERSION = YES;
				CLANG_WARN_DEPRECATED_OBJC_IMPLEMENTATIONS = YES;
				CLANG_WARN_DIRECT_OBJC_ISA_USAGE = YES_ERROR;
				CLANG_WARN_DOCUMENTATION_COMMENTS = YES;
				CLANG_WARN_EMPTY_BODY = YES;
				CLANG_WARN_ENUM_CONVERSION = YES;
				CLANG_WARN_INFINITE_RECURSION = YES;
				CLANG_WARN_INT_CONVERSION = YES;
				CLANG_WARN_NON_LITERAL_NULL_CONVERSION = YES;
				CLANG_WARN_OBJC_IMPLICIT_RETAIN_SELF = YES;
				CLANG_WARN_OBJC_LITERAL_CONVERSION = YES;
				CLANG_WARN_OBJC_ROOT_CLASS = YES_ERROR;
				CLANG_WARN_RANGE_LOOP_ANALYSIS = YES;
				CLANG_WARN_STRICT_PROTOTYPES = YES;
				CLANG_WARN_SUSPICIOUS_MOVE = YES;
				CLANG_WARN_UNGUARDED_AVAILABILITY = YES_AGGRESSIVE;
				CLANG_WARN_UNREACHABLE_CODE = YES;
				CLANG_WARN__DUPLICATE_METHOD_MATCH = YES;
				COPY_PHASE_STRIP = NO;
				DEBUG_INFORMATION_FORMAT = dwarf;
				ENABLE_STRICT_OBJC_MSGSEND = YES;
				ENABLE_TESTABILITY = YES;
				GCC_C_LANGUAGE_STANDARD = gnu11;
				GCC_DYNAMIC_NO_PIC = NO;
				GCC_NO_COMMON_BLOCKS = YES;
				GCC_OPTIMIZATION_LEVEL = 0;
				GCC_PREPROCESSOR_DEFINITIONS = (
					"DEBUG=1",
					"$(inherited)",
				);
				GCC_WARN_64_TO_32_BIT_CONVERSION = YES;
				GCC_WARN_ABOUT_RETURN_TYPE = YES_ERROR;
				GCC_WARN_UNDECLARED_SELECTOR = YES;
				GCC_WARN_UNINITIALIZED_AUTOS = YES_AGGRESSIVE;
				GCC_WARN_UNUSED_FUNCTION = YES;
				GCC_WARN_UNUSED_VARIABLE = YES;
				IPHONEOS_DEPLOYMENT_TARGET = 13.5;
				MTL_ENABLE_DEBUG_INFO = INCLUDE_SOURCE;
				MTL_FAST_MATH = YES;
				ONLY_ACTIVE_ARCH = YES;
				SDKROOT = iphoneos;
				SWIFT_ACTIVE_COMPILATION_CONDITIONS = DEBUG;
				SWIFT_OPTIMIZATION_LEVEL = "-Onone";
			};
			name = Debug;
		};
		6B1DA5302B4EA1F80037B31F /* Release */ = {
			isa = XCBuildConfiguration;
			buildSettings = {
				ALWAYS_SEARCH_USER_PATHS = NO;
				CLANG_ANALYZER_NONNULL = YES;
				CLANG_ANALYZER_NUMBER_OBJECT_CONVERSION = YES_AGGRESSIVE;
				CLANG_CXX_LANGUAGE_STANDARD = "gnu++14";
				CLANG_CXX_LIBRARY = "libc++";
				CLANG_ENABLE_MODULES = YES;
				CLANG_ENABLE_OBJC_ARC = YES;
				CLANG_ENABLE_OBJC_WEAK = YES;
				CLANG_WARN_BLOCK_CAPTURE_AUTORELEASING = YES;
				CLANG_WARN_BOOL_CONVERSION = YES;
				CLANG_WARN_COMMA = YES;
				CLANG_WARN_CONSTANT_CONVERSION = YES;
				CLANG_WARN_DEPRECATED_OBJC_IMPLEMENTATIONS = YES;
				CLANG_WARN_DIRECT_OBJC_ISA_USAGE = YES_ERROR;
				CLANG_WARN_DOCUMENTATION_COMMENTS = YES;
				CLANG_WARN_EMPTY_BODY = YES;
				CLANG_WARN_ENUM_CONVERSION = YES;
				CLANG_WARN_INFINITE_RECURSION = YES;
				CLANG_WARN_INT_CONVERSION = YES;
				CLANG_WARN_NON_LITERAL_NULL_CONVERSION = YES;
				CLANG_WARN_OBJC_IMPLICIT_RETAIN_SELF = YES;
				CLANG_WARN_OBJC_LITERAL_CONVERSION = YES;
				CLANG_WARN_OBJC_ROOT_CLASS = YES_ERROR;
				CLANG_WARN_RANGE_LOOP_ANALYSIS = YES;
				CLANG_WARN_STRICT_PROTOTYPES = YES;
				CLANG_WARN_SUSPICIOUS_MOVE = YES;
				CLANG_WARN_UNGUARDED_AVAILABILITY = YES_AGGRESSIVE;
				CLANG_WARN_UNREACHABLE_CODE = YES;
				CLANG_WARN__DUPLICATE_METHOD_MATCH = YES;
				COPY_PHASE_STRIP = NO;
				DEBUG_INFORMATION_FORMAT = "dwarf-with-dsym";
				ENABLE_NS_ASSERTIONS = NO;
				ENABLE_STRICT_OBJC_MSGSEND = YES;
				GCC_C_LANGUAGE_STANDARD = gnu11;
				GCC_NO_COMMON_BLOCKS = YES;
				GCC_WARN_64_TO_32_BIT_CONVERSION = YES;
				GCC_WARN_ABOUT_RETURN_TYPE = YES_ERROR;
				GCC_WARN_UNDECLARED_SELECTOR = YES;
				GCC_WARN_UNINITIALIZED_AUTOS = YES_AGGRESSIVE;
				GCC_WARN_UNUSED_FUNCTION = YES;
				GCC_WARN_UNUSED_VARIABLE = YES;
				IPHONEOS_DEPLOYMENT_TARGET = 13.5;
				MTL_ENABLE_DEBUG_INFO = NO;
				MTL_FAST_MATH = YES;
				SDKROOT = iphoneos;
				SWIFT_COMPILATION_MODE = wholemodule;
				SWIFT_OPTIMIZATION_LEVEL = "-O";
				VALIDATE_PRODUCT = YES;
			};
			name = Release;
		};
		6B1DA5322B4EA1F80037B31F /* Debug */ = {
			isa = XCBuildConfiguration;
			buildSettings = {
				ASSETCATALOG_COMPILER_APPICON_NAME = AppIcon;
				CODE_SIGN_STYLE = Automatic;
				DEVELOPMENT_ASSET_PATHS = "\"TDD-BowlingKata/Preview Content\"";
				ENABLE_PREVIEWS = YES;
				INFOPLIST_FILE = "TDD-BowlingKata/Info.plist";
				LD_RUNPATH_SEARCH_PATHS = (
					"$(inherited)",
					"@executable_path/Frameworks",
				);
				PRODUCT_BUNDLE_IDENTIFIER = "test.TDD-BowlingKata";
				PRODUCT_NAME = "$(TARGET_NAME)";
				SWIFT_VERSION = 5.0;
				TARGETED_DEVICE_FAMILY = "1,2";
			};
			name = Debug;
		};
		6B1DA5332B4EA1F80037B31F /* Release */ = {
			isa = XCBuildConfiguration;
			buildSettings = {
				ASSETCATALOG_COMPILER_APPICON_NAME = AppIcon;
				CODE_SIGN_STYLE = Automatic;
				DEVELOPMENT_ASSET_PATHS = "\"TDD-BowlingKata/Preview Content\"";
				ENABLE_PREVIEWS = YES;
				INFOPLIST_FILE = "TDD-BowlingKata/Info.plist";
				LD_RUNPATH_SEARCH_PATHS = (
					"$(inherited)",
					"@executable_path/Frameworks",
				);
				PRODUCT_BUNDLE_IDENTIFIER = "test.TDD-BowlingKata";
				PRODUCT_NAME = "$(TARGET_NAME)";
				SWIFT_VERSION = 5.0;
				TARGETED_DEVICE_FAMILY = "1,2";
			};
			name = Release;
		};
		6B1DA5352B4EA1F80037B31F /* Debug */ = {
			isa = XCBuildConfiguration;
			buildSettings = {
				ALWAYS_EMBED_SWIFT_STANDARD_LIBRARIES = YES;
				BUNDLE_LOADER = "$(TEST_HOST)";
				CODE_SIGN_STYLE = Automatic;
				INFOPLIST_FILE = "TDD-BowlingKataTests/Info.plist";
				IPHONEOS_DEPLOYMENT_TARGET = 13.5;
				LD_RUNPATH_SEARCH_PATHS = (
					"$(inherited)",
					"@executable_path/Frameworks",
					"@loader_path/Frameworks",
				);
				PRODUCT_BUNDLE_IDENTIFIER = "test.TDD-BowlingKataTests";
				PRODUCT_NAME = "$(TARGET_NAME)";
				SWIFT_VERSION = 5.0;
				TARGETED_DEVICE_FAMILY = "1,2";
				TEST_HOST = "$(BUILT_PRODUCTS_DIR)/TDD-BowlingKata.app/TDD-BowlingKata";
			};
			name = Debug;
		};
		6B1DA5362B4EA1F80037B31F /* Release */ = {
			isa = XCBuildConfiguration;
			buildSettings = {
				ALWAYS_EMBED_SWIFT_STANDARD_LIBRARIES = YES;
				BUNDLE_LOADER = "$(TEST_HOST)";
				CODE_SIGN_STYLE = Automatic;
				INFOPLIST_FILE = "TDD-BowlingKataTests/Info.plist";
				IPHONEOS_DEPLOYMENT_TARGET = 13.5;
				LD_RUNPATH_SEARCH_PATHS = (
					"$(inherited)",
					"@executable_path/Frameworks",
					"@loader_path/Frameworks",
				);
				PRODUCT_BUNDLE_IDENTIFIER = "test.TDD-BowlingKataTests";
				PRODUCT_NAME = "$(TARGET_NAME)";
				SWIFT_VERSION = 5.0;
				TARGETED_DEVICE_FAMILY = "1,2";
				TEST_HOST = "$(BUILT_PRODUCTS_DIR)/TDD-BowlingKata.app/TDD-BowlingKata";
			};
			name = Release;
		};
/* End XCBuildConfiguration section */

/* Begin XCConfigurationList section */
		6B1DA50D2B4EA1F30037B31F /* Build configuration list for PBXProject "TDD-BowlingKata" */ = {
			isa = XCConfigurationList;
			buildConfigurations = (
				6B1DA52F2B4EA1F80037B31F /* Debug */,
				6B1DA5302B4EA1F80037B31F /* Release */,
			);
			defaultConfigurationIsVisible = 0;
			defaultConfigurationName = Release;
		};
		6B1DA5312B4EA1F80037B31F /* Build configuration list for PBXNativeTarget "TDD-BowlingKata" */ = {
			isa = XCConfigurationList;
			buildConfigurations = (
				6B1DA5322B4EA1F80037B31F /* Debug */,
				6B1DA5332B4EA1F80037B31F /* Release */,
			);
			defaultConfigurationIsVisible = 0;
			defaultConfigurationName = Release;
		};
		6B1DA5342B4EA1F80037B31F /* Build configuration list for PBXNativeTarget "TDD-BowlingKataTests" */ = {
			isa = XCConfigurationList;
			buildConfigurations = (
				6B1DA5352B4EA1F80037B31F /* Debug */,
				6B1DA5362B4EA1F80037B31F /* Release */,
			);
			defaultConfigurationIsVisible = 0;
			defaultConfigurationName = Release;
		};
/* End XCConfigurationList section */
	};
	rootObject = 6B1DA50A2B4EA1F30037B31F /* Project object */;
}
